github.com/Rosto4eks/grapes v0.1.1 h1:zS5xN4eMohSHKLczUSV+LO4XWCI9nGFzlRY3hg0M4RU=
github.com/Rosto4eks/grapes v0.1.1/go.mod h1:GoBroOyEXwO7hhR4NJ20LX5darIHHF0TQFfgcDukCns=
github.com/Rosto4eks/grapes v0.1.2 h1:GnfUYeqMN/QJ4dzZXRMgduMEsOuWOuQhD/tuSqk6dg0=
github.com/Rosto4eks/grapes v0.1.2/go.mod h1:GoBroOyEXwO7hhR4NJ20LX5darIHHF0TQFfgcDukCns=
github.com/Rosto4eks/loggify v0.0.0-20231202113410-000a2f6b5dc5 h1:4Tbs1OCwVYONwPHPD7iKU1px+nbJg2PulfCgM79r3Mo=
github.com/Rosto4eks/loggify v0.0.0-20231202113410-000a2f6b5dc5/go.mod h1:3IGfqgdmZj+OINB5P+GLaYviIlIvd6HugI5Cb5t/Tb4=
github.com/Rosto4eks/loggify v1.0.1 h1:X1gI2oWXhxS71JmBFjSByfzAiz3RTHn80jI72UjQFnE=
github.com/Rosto4eks/loggify v1.0.1/go.mod h1:3IGfqgdmZj+OINB5P+GLaYviIlIvd6HugI5Cb5t/Tb4=
github.com/mattn/go-sqlite3 v1.14.17 h1:mCRHCLDUBXgpKAqIKsaAaAsrAlbkeomtRFKXh2L6YIM=
github.com/mattn/go-sqlite3 v1.14.17/go.mod h1:2eHXhiwb8IkHr+BDWZGa96P6+rkvnG63S2DGjv9HUNg=
